<?xml version="1.0" encoding="utf-8"?>
<Project ToolsVersion="4.0" xmlns="http://schemas.microsoft.com/developer/msbuild/2003">
  <ItemGroup>
    <Filter Include="Source Files">
      <UniqueIdentifier>{4FC737F1-C7A5-4376-A066-2A32D752A2FF}</UniqueIdentifier>
      <Extensions>cpp;cxx;c;def</Extensions>
    </Filter>
    <Filter Include="Header Files">
      <UniqueIdentifier>{93995380-89BD-4b04-88EB-625FBE52EBFB}</UniqueIdentifier>
      <Extensions>h</Extensions>
    </Filter>
    <Filter Include="Form Files">
      <UniqueIdentifier>{99349809-55BA-4b9d-BF79-8FDBB0286EB3}</UniqueIdentifier>
      <Extensions>ui</Extensions>
    </Filter>
    <Filter Include="Generated Files">
      <UniqueIdentifier>{71ED8ED8-ACB9-4CE9-BBE1-E00B30144E11}</UniqueIdentifier>
      <Extensions>moc;h;cpp</Extensions>
      <SourceControlFiles>False</SourceControlFiles>
    </Filter>
    <Filter Include="Generated Files\Debug">
      <UniqueIdentifier>{a8141bfe-7359-4ac3-ad55-7b14cf8e2001}</UniqueIdentifier>
      <Extensions>cpp;moc</Extensions>
      <SourceControlFiles>False</SourceControlFiles>
    </Filter>
    <Filter Include="Generated Files\Release">
      <UniqueIdentifier>{243eb31f-ae26-4b2a-ab71-013201fccd5d}</UniqueIdentifier>
      <Extensions>cpp;moc</Extensions>
      <SourceControlFiles>False</SourceControlFiles>
    </Filter>
    <Filter Include="Header Files\protocol">
      <UniqueIdentifier>{4eeebcd9-b1a8-46cf-98c2-92fedcbacbba}</UniqueIdentifier>
    </Filter>
    <Filter Include="Source Files\protocol">
      <UniqueIdentifier>{924418ad-ed34-46ec-90d2-a9db540f0687}</UniqueIdentifier>
    </Filter>
  </ItemGroup>
  <ItemGroup>
    <ClCompile Include="main.cpp">
      <Filter>Source Files</Filter>
    </ClCompile>
    <ClCompile Include="server.cpp">
      <Filter>Source Files</Filter>
    </ClCompile>
    <ClCompile Include="GeneratedFiles\Debug\moc_server.cpp">
      <Filter>Generated Files\Debug</Filter>
    </ClCompile>
    <ClCompile Include="GeneratedFiles\Release\moc_server.cpp">
      <Filter>Generated Files\Release</Filter>
    </ClCompile>
    <ClCompile Include="GeneratedFiles\Debug\moc_FileTransferWindow.cpp">
      <Filter>Generated Files\Debug</Filter>
    </ClCompile>
    <ClCompile Include="GeneratedFiles\Release\moc_FileTransferWindow.cpp">
      <Filter>Generated Files\Release</Filter>
    </ClCompile>
    <ClCompile Include="FileTransferWindow.cpp">
      <Filter>Source Files</Filter>
    </ClCompile>
    <ClCompile Include="Service.cpp">
      <Filter>Source Files</Filter>
    </ClCompile>
    <ClCompile Include="..\Protocol\MessageIdentity.cpp">
      <Filter>Source Files\protocol</Filter>
    </ClCompile>
    <ClCompile Include="..\Protocol\MessageRequestDir.cpp">
      <Filter>Source Files\protocol</Filter>
    </ClCompile>
    <ClCompile Include="..\Protocol\MessageRequestFile.cpp">
      <Filter>Source Files\protocol</Filter>
    </ClCompile>
    <ClCompile Include="..\Protocol\MessageResponseDir.cpp">
      <Filter>Source Files\protocol</Filter>
    </ClCompile>
    <ClCompile Include="..\Protocol\MessageResponseFile.cpp">
      <Filter>Source Files\protocol</Filter>
    </ClCompile>
    <ClCompile Include="..\Protocol\MessageResponseSysInfo.cpp">
      <Filter>Source Files\protocol</Filter>
    </ClCompile>
    <ClCompile Include="..\Protocol\SvcMsgFactory.cpp">
      <Filter>Source Files\protocol</Filter>
    </ClCompile>
    <ClCompile Include="..\Protocol\DataTypes.cpp">
      <Filter>Source Files\protocol</Filter>
    </ClCompile>
    <ClCompile Include="..\Protocol\MessageUploadFile.cpp">
      <Filter>Source Files\protocol</Filter>
    </ClCompile>
    <ClCompile Include="..\Protocol\MessageUploadFileReply.cpp">
      <Filter>Source Files\protocol</Filter>
    </ClCompile>
    <ClCompile Include="..\Protocol\MessageGeneric.cpp">
      <Filter>Source Files\protocol</Filter>
    </ClCompile>
  </ItemGroup>
  <ItemGroup>
    <CustomBuild Include="server.h">
      <Filter>Header Files</Filter>
    </CustomBuild>
    <CustomBuild Include="server.ui">
      <Filter>Form Files</Filter>
    </CustomBuild>
    <CustomBuild Include="FileTransferWindow.ui">
      <Filter>Form Files</Filter>
    </CustomBuild>
    <CustomBuild Include="FileTransferWindow.h">
      <Filter>Header Files</Filter>
    </CustomBuild>
  </ItemGroup>
  <ItemGroup>
    <ClInclude Include="GeneratedFiles\ui_server.h">
      <Filter>Generated Files</Filter>
    </ClInclude>
    <ClInclude Include="GeneratedFiles\ui_FileTransferWindow.h">
      <Filter>Generated Files</Filter>
    </ClInclude>
    <ClInclude Include="Service.hpp">
      <Filter>Header Files</Filter>
    </ClInclude>
    <ClInclude Include="..\Protocol\MessageIdentity.hpp">
      <Filter>Header Files\protocol</Filter>
    </ClInclude>
    <ClInclude Include="..\Protocol\MessageRequestDir.hpp">
      <Filter>Header Files\protocol</Filter>
    </ClInclude>
    <ClInclude Include="..\Protocol\MessageRequestFile.hpp">
      <Filter>Header Files\protocol</Filter>
    </ClInclude>
    <ClInclude Include="..\Protocol\MessageRequestSysInfo.hpp">
      <Filter>Header Files\protocol</Filter>
    </ClInclude>
    <ClInclude Include="..\Protocol\MessageResponseDir.hpp">
      <Filter>Header Files\protocol</Filter>
    </ClInclude>
    <ClInclude Include="..\Protocol\MessageResponseFile.hpp">
      <Filter>Header Files\protocol</Filter>
    </ClInclude>
    <ClInclude Include="..\Protocol\MessageResponseSysInfo.hpp">
      <Filter>Header Files\protocol</Filter>
    </ClInclude>
    <ClInclude Include="..\Protocol\SvcMsgFactory.hpp">
      <Filter>Header Files\protocol</Filter>
    </ClInclude>
    <ClInclude Include="..\Protocol\DataTypes.hpp">
      <Filter>Header Files\protocol</Filter>
    </ClInclude>
    <ClInclude Include="..\Protocol\MessageUploadFile.hpp">
      <Filter>Header Files\protocol</Filter>
    </ClInclude>
    <ClInclude Include="..\Protocol\MessageUploadFileReply.hpp">
      <Filter>Header Files\protocol</Filter>
    </ClInclude>
    <ClInclude Include="..\Protocol\MessageGeneric.hpp">
      <Filter>Header Files\protocol</Filter>
    </ClInclude>
  </ItemGroup>
</Project>